// !$*UTF8*$!
{
	archiveVersion = 1;
	classes = {
	};
	objectVersion = 46;
	objects = {

/* Begin PBXBuildFile section */
		551E6EBB1D378C400098B46F /* main.m in Sources */ = {isa = PBXBuildFile; fileRef = 551E6EBA1D378C400098B46F /* main.m */; };
		551E6EBE1D378C400098B46F /* AppDelegate.m in Sources */ = {isa = PBXBuildFile; fileRef = 551E6EBD1D378C400098B46F /* AppDelegate.m */; };
		551E6EC11D378C400098B46F /* ViewController.m in Sources */ = {isa = PBXBuildFile; fileRef = 551E6EC01D378C400098B46F /* ViewController.m */; };
		551E6EC41D378C400098B46F /* Main.storyboard in Resources */ = {isa = PBXBuildFile; fileRef = 551E6EC21D378C400098B46F /* Main.storyboard */; };
		551E6EC71D378C400098B46F /* CMFooterView.xcdatamodeld in Sources */ = {isa = PBXBuildFile; fileRef = 551E6EC51D378C400098B46F /* CMFooterView.xcdatamodeld */; };
		551E6EC91D378C400098B46F /* Assets.xcassets in Resources */ = {isa = PBXBuildFile; fileRef = 551E6EC81D378C400098B46F /* Assets.xcassets */; };
		551E6ECC1D378C400098B46F /* LaunchScreen.storyboard in Resources */ = {isa = PBXBuildFile; fileRef = 551E6ECA1D378C400098B46F /* LaunchScreen.storyboard */; };
		551E6ED71D378C400098B46F /* CMFooterViewTests.m in Sources */ = {isa = PBXBuildFile; fileRef = 551E6ED61D378C400098B46F /* CMFooterViewTests.m */; };
		551E6EE21D378C400098B46F /* CMFooterViewUITests.m in Sources */ = {isa = PBXBuildFile; fileRef = 551E6EE11D378C400098B46F /* CMFooterViewUITests.m */; };
		551E6EF21D378C9E0098B46F /* CMFooterView.m in Sources */ = {isa = PBXBuildFile; fileRef = 551E6EF11D378C9E0098B46F /* CMFooterView.m */; };
		551E6EF31D378C9E0098B46F /* CMFooterView.m in Sources */ = {isa = PBXBuildFile; fileRef = 551E6EF11D378C9E0098B46F /* CMFooterView.m */; };
		551E6EF41D378C9E0098B46F /* CMFooterView.m in Sources */ = {isa = PBXBuildFile; fileRef = 551E6EF11D378C9E0098B46F /* CMFooterView.m */; };
/* End PBXBuildFile section */

/* Begin PBXContainerItemProxy section */
		551E6ED31D378C400098B46F /* PBXContainerItemProxy */ = {
			isa = PBXContainerItemProxy;
			containerPortal = 551E6EAE1D378C400098B46F /* Project object */;
			proxyType = 1;
			remoteGlobalIDString = 551E6EB51D378C400098B46F;
			remoteInfo = CMFooterView;
		};
		551E6EDE1D378C400098B46F /* PBXContainerItemProxy */ = {
			isa = PBXContainerItemProxy;
			containerPortal = 551E6EAE1D378C400098B46F /* Project object */;
			proxyType = 1;
			remoteGlobalIDString = 551E6EB51D378C400098B46F;
			remoteInfo = CMFooterView;
		};
/* End PBXContainerItemProxy section */

/* Begin PBXFileReference section */
		551E6EB61D378C400098B46F /* CMFooterView.app */ = {isa = PBXFileReference; explicitFileType = wrapper.application; includeInIndex = 0; path = CMFooterView.app; sourceTree = BUILT_PRODUCTS_DIR; };
		551E6EBA1D378C400098B46F /* main.m */ = {isa = PBXFileReference; lastKnownFileType = sourcecode.c.objc; path = main.m; sourceTree = "<group>"; };
		551E6EBC1D378C400098B46F /* AppDelegate.h */ = {isa = PBXFileReference; lastKnownFileType = sourcecode.c.h; path = AppDelegate.h; sourceTree = "<group>"; };
		551E6EBD1D378C400098B46F /* AppDelegate.m */ = {isa = PBXFileReference; lastKnownFileType = sourcecode.c.objc; path = AppDelegate.m; sourceTree = "<group>"; };
		551E6EBF1D378C400098B46F /* ViewController.h */ = {isa = PBXFileReference; lastKnownFileType = sourcecode.c.h; path = ViewController.h; sourceTree = "<group>"; };
		551E6EC01D378C400098B46F /* ViewController.m */ = {isa = PBXFileReference; lastKnownFileType = sourcecode.c.objc; path = ViewController.m; sourceTree = "<group>"; };
		551E6EC31D378C400098B46F /* Base */ = {isa = PBXFileReference; lastKnownFileType = file.storyboard; name = Base; path = Base.lproj/Main.storyboard; sourceTree = "<group>"; };
		551E6EC61D378C400098B46F /* CMFooterView.xcdatamodel */ = {isa = PBXFileReference; lastKnownFileType = wrapper.xcdatamodel; path = CMFooterView.xcdatamodel; sourceTree = "<group>"; };
		551E6EC81D378C400098B46F /* Assets.xcassets */ = {isa = PBXFileReference; lastKnownFileType = folder.assetcatalog; path = Assets.xcassets; sourceTree = "<group>"; };
		551E6ECB1D378C400098B46F /* Base */ = {isa = PBXFileReference; lastKnownFileType = file.storyboard; name = Base; path = Base.lproj/LaunchScreen.storyboard; sourceTree = "<group>"; };
		551E6ECD1D378C400098B46F /* Info.plist */ = {isa = PBXFileReference; lastKnownFileType = text.plist.xml; path = Info.plist; sourceTree = "<group>"; };
		551E6ED21D378C400098B46F /* CMFooterViewTests.xctest */ = {isa = PBXFileReference; explicitFileType = wrapper.cfbundle; includeInIndex = 0; path = CMFooterViewTests.xctest; sourceTree = BUILT_PRODUCTS_DIR; };
		551E6ED61D378C400098B46F /* CMFooterViewTests.m */ = {isa = PBXFileReference; lastKnownFileType = sourcecode.c.objc; path = CMFooterViewTests.m; sourceTree = "<group>"; };
		551E6ED81D378C400098B46F /* Info.plist */ = {isa = PBXFileReference; lastKnownFileType = text.plist.xml; path = Info.plist; sourceTree = "<group>"; };
		551E6EDD1D378C400098B46F /* CMFooterViewUITests.xctest */ = {isa = PBXFileReference; explicitFileType = wrapper.cfbundle; includeInIndex = 0; path = CMFooterViewUITests.xctest; sourceTree = BUILT_PRODUCTS_DIR; };
		551E6EE11D378C400098B46F /* CMFooterViewUITests.m */ = {isa = PBXFileReference; lastKnownFileType = sourcecode.c.objc; path = CMFooterViewUITests.m; sourceTree = "<group>"; };
		551E6EE31D378C400098B46F /* Info.plist */ = {isa = PBXFileReference; lastKnownFileType = text.plist.xml; path = Info.plist; sourceTree = "<group>"; };
		551E6EF01D378C9E0098B46F /* CMFooterView.h */ = {isa = PBXFileReference; fileEncoding = 4; lastKnownFileType = sourcecode.c.h; path = CMFooterView.h; sourceTree = "<group>"; };
		551E6EF11D378C9E0098B46F /* CMFooterView.m */ = {isa = PBXFileReference; fileEncoding = 4; lastKnownFileType = sourcecode.c.objc; path = CMFooterView.m; sourceTree = "<group>"; };
/* End PBXFileReference section */

/* Begin PBXFrameworksBuildPhase section */
		551E6EB31D378C400098B46F /* Frameworks */ = {
			isa = PBXFrameworksBuildPhase;
			buildActionMask = 2147483647;
			files = (
			);
			runOnlyForDeploymentPostprocessing = 0;
		};
		551E6ECF1D378C400098B46F /* Frameworks */ = {
			isa = PBXFrameworksBuildPhase;
			buildActionMask = 2147483647;
			files = (
			);
			runOnlyForDeploymentPostprocessing = 0;
		};
		551E6EDA1D378C400098B46F /* Frameworks */ = {
			isa = PBXFrameworksBuildPhase;
			buildActionMask = 2147483647;
			files = (
			);
			runOnlyForDeploymentPostprocessing = 0;
		};
/* End PBXFrameworksBuildPhase section */

/* Begin PBXGroup section */
		551E6EAD1D378C400098B46F = {
			isa = PBXGroup;
			children = (
				551E6EEF1D378C660098B46F /* Classes */,
				551E6EB81D378C400098B46F /* CMFooterView */,
				551E6ED51D378C400098B46F /* CMFooterViewTests */,
				551E6EE01D378C400098B46F /* CMFooterViewUITests */,
				551E6EB71D378C400098B46F /* Products */,
			);
			sourceTree = "<group>";
		};
		551E6EB71D378C400098B46F /* Products */ = {
			isa = PBXGroup;
			children = (
				551E6EB61D378C400098B46F /* CMFooterView.app */,
				551E6ED21D378C400098B46F /* CMFooterViewTests.xctest */,
				551E6EDD1D378C400098B46F /* CMFooterViewUITests.xctest */,
			);
			name = Products;
			sourceTree = "<group>";
		};
		551E6EB81D378C400098B46F /* CMFooterView */ = {
			isa = PBXGroup;
			children = (
				551E6EBC1D378C400098B46F /* AppDelegate.h */,
				551E6EBD1D378C400098B46F /* AppDelegate.m */,
				551E6EBF1D378C400098B46F /* ViewController.h */,
				551E6EC01D378C400098B46F /* ViewController.m */,
				551E6EC21D378C400098B46F /* Main.storyboard */,
				551E6EC81D378C400098B46F /* Assets.xcassets */,
				551E6ECA1D378C400098B46F /* LaunchScreen.storyboard */,
				551E6ECD1D378C400098B46F /* Info.plist */,
				551E6EC51D378C400098B46F /* CMFooterView.xcdatamodeld */,
				551E6EB91D378C400098B46F /* Supporting Files */,
			);
			path = CMFooterView;
			sourceTree = "<group>";
		};
		551E6EB91D378C400098B46F /* Supporting Files */ = {
			isa = PBXGroup;
			children = (
				551E6EBA1D378C400098B46F /* main.m */,
			);
			name = "Supporting Files";
			sourceTree = "<group>";
		};
		551E6ED51D378C400098B46F /* CMFooterViewTests */ = {
			isa = PBXGroup;
			children = (
				551E6ED61D378C400098B46F /* CMFooterViewTests.m */,
				551E6ED81D378C400098B46F /* Info.plist */,
			);
			path = CMFooterViewTests;
			sourceTree = "<group>";
		};
		551E6EE01D378C400098B46F /* CMFooterViewUITests */ = {
			isa = PBXGroup;
			children = (
				551E6EE11D378C400098B46F /* CMFooterViewUITests.m */,
				551E6EE31D378C400098B46F /* Info.plist */,
			);
			path = CMFooterViewUITests;
			sourceTree = "<group>";
		};
		551E6EEF1D378C660098B46F /* Classes */ = {
			isa = PBXGroup;
			children = (
				551E6EF01D378C9E0098B46F /* CMFooterView.h */,
				551E6EF11D378C9E0098B46F /* CMFooterView.m */,
			);
			path = Classes;
			sourceTree = "<group>";
		};
/* End PBXGroup section */

/* Begin PBXNativeTarget section */
		551E6EB51D378C400098B46F /* CMFooterView */ = {
			isa = PBXNativeTarget;
			buildConfigurationList = 551E6EE61D378C400098B46F /* Build configuration list for PBXNativeTarget "CMFooterView" */;
			buildPhases = (
				551E6EB21D378C400098B46F /* Sources */,
				551E6EB31D378C400098B46F /* Frameworks */,
				551E6EB41D378C400098B46F /* Resources */,
			);
			buildRules = (
			);
			dependencies = (
			);
			name = CMFooterView;
			productName = CMFooterView;
			productReference = 551E6EB61D378C400098B46F /* CMFooterView.app */;
			productType = "com.apple.product-type.application";
		};
		551E6ED11D378C400098B46F /* CMFooterViewTests */ = {
			isa = PBXNativeTarget;
			buildConfigurationList = 551E6EE91D378C400098B46F /* Build configuration list for PBXNativeTarget "CMFooterViewTests" */;
			buildPhases = (
				551E6ECE1D378C400098B46F /* Sources */,
				551E6ECF1D378C400098B46F /* Frameworks */,
				551E6ED01D378C400098B46F /* Resources */,
			);
			buildRules = (
			);
			dependencies = (
				551E6ED41D378C400098B46F /* PBXTargetDependency */,
			);
			name = CMFooterViewTests;
			productName = CMFooterViewTests;
			productReference = 551E6ED21D378C400098B46F /* CMFooterViewTests.xctest */;
			productType = "com.apple.product-type.bundle.unit-test";
		};
		551E6EDC1D378C400098B46F /* CMFooterViewUITests */ = {
			isa = PBXNativeTarget;
			buildConfigurationList = 551E6EEC1D378C400098B46F /* Build configuration list for PBXNativeTarget "CMFooterViewUITests" */;
			buildPhases = (
				551E6ED91D378C400098B46F /* Sources */,
				551E6EDA1D378C400098B46F /* Frameworks */,
				551E6EDB1D378C400098B46F /* Resources */,
			);
			buildRules = (
			);
			dependencies = (
				551E6EDF1D378C400098B46F /* PBXTargetDependency */,
			);
			name = CMFooterViewUITests;
			productName = CMFooterViewUITests;
			productReference = 551E6EDD1D378C400098B46F /* CMFooterViewUITests.xctest */;
			productType = "com.apple.product-type.bundle.ui-testing";
		};
/* End PBXNativeTarget section */

/* Begin PBXProject section */
		551E6EAE1D378C400098B46F /* Project object */ = {
			isa = PBXProject;
			attributes = {
				LastUpgradeCheck = 0730;
				ORGANIZATIONNAME = "王叶庆";
				TargetAttributes = {
					551E6EB51D378C400098B46F = {
						CreatedOnToolsVersion = 7.3.1;
					};
					551E6ED11D378C400098B46F = {
						CreatedOnToolsVersion = 7.3.1;
						TestTargetID = 551E6EB51D378C400098B46F;
					};
					551E6EDC1D378C400098B46F = {
						CreatedOnToolsVersion = 7.3.1;
						TestTargetID = 551E6EB51D378C400098B46F;
					};
				};
			};
			buildConfigurationList = 551E6EB11D378C400098B46F /* Build configuration list for PBXProject "CMFooterView" */;
			compatibilityVersion = "Xcode 3.2";
			developmentRegion = English;
			hasScannedForEncodings = 0;
			knownRegions = (
				en,
				Base,
			);
			mainGroup = 551E6EAD1D378C400098B46F;
			productRefGroup = 551E6EB71D378C400098B46F /* Products */;
			projectDirPath = "";
			projectRoot = "";
			targets = (
				551E6EB51D378C400098B46F /* CMFooterView */,
				551E6ED11D378C400098B46F /* CMFooterViewTests */,
				551E6EDC1D378C400098B46F /* CMFooterViewUITests */,
			);
		};
/* End PBXProject section */

/* Begin PBXResourcesBuildPhase section */
		551E6EB41D378C400098B46F /* Resources */ = {
			isa = PBXResourcesBuildPhase;
			buildActionMask = 2147483647;
			files = (
				551E6ECC1D378C400098B46F /* LaunchScreen.storyboard in Resources */,
				551E6EC91D378C400098B46F /* Assets.xcassets in Resources */,
				551E6EC41D378C400098B46F /* Main.storyboard in Resources */,
			);
			runOnlyForDeploymentPostprocessing = 0;
		};
		551E6ED01D378C400098B46F /* Resources */ = {
			isa = PBXResourcesBuildPhase;
			buildActionMask = 2147483647;
			files = (
			);
			runOnlyForDeploymentPostprocessing = 0;
		};
		551E6EDB1D378C400098B46F /* Resources */ = {
			isa = PBXResourcesBuildPhase;
			buildActionMask = 2147483647;
			files = (
			);
			runOnlyForDeploymentPostprocessing = 0;
		};
/* End PBXResourcesBuildPhase section */

/* Begin PBXSourcesBuildPhase section */
		551E6EB21D378C400098B46F /* Sources */ = {
			isa = PBXSourcesBuildPhase;
			buildActionMask = 2147483647;
			files = (
				551E6EF21D378C9E0098B46F /* CMFooterView.m in Sources */,
				551E6EC11D378C400098B46F /* ViewController.m in Sources */,
				551E6EBE1D378C400098B46F /* AppDelegate.m in Sources */,
				551E6EBB1D378C400098B46F /* main.m in Sources */,
				551E6EC71D378C400098B46F /* CMFooterView.xcdatamodeld in Sources */,
			);
			runOnlyForDeploymentPostprocessing = 0;
		};
		551E6ECE1D378C400098B46F /* Sources */ = {
			isa = PBXSourcesBuildPhase;
			buildActionMask = 2147483647;
			files = (
				551E6ED71D378C400098B46F /* CMFooterViewTests.m in Sources */,
				551E6EF31D378C9E0098B46F /* CMFooterView.m in Sources */,
			);
			runOnlyForDeploymentPostprocessing = 0;
		};
		551E6ED91D378C400098B46F /* Sources */ = {
			isa = PBXSourcesBuildPhase;
			buildActionMask = 2147483647;
			files = (
				551E6EE21D378C400098B46F /* CMFooterViewUITests.m in Sources */,
				551E6EF41D378C9E0098B46F /* CMFooterView.m in Sources */,
			);
			runOnlyForDeploymentPostprocessing = 0;
		};
/* End PBXSourcesBuildPhase section */

/* Begin PBXTargetDependency section */
		551E6ED41D378C400098B46F /* PBXTargetDependency */ = {
			isa = PBXTargetDependency;
			target = 551E6EB51D378C400098B46F /* CMFooterView */;
			targetProxy = 551E6ED31D378C400098B46F /* PBXContainerItemProxy */;
		};
		551E6EDF1D378C400098B46F /* PBXTargetDependency */ = {
			isa = PBXTargetDependency;
			target = 551E6EB51D378C400098B46F /* CMFooterView */;
			targetProxy = 551E6EDE1D378C400098B46F /* PBXContainerItemProxy */;
		};
/* End PBXTargetDependency section */

/* Begin PBXVariantGroup section */
		551E6EC21D378C400098B46F /* Main.storyboard */ = {
			isa = PBXVariantGroup;
			children = (
				551E6EC31D378C400098B46F /* Base */,
			);
			name = Main.storyboard;
			sourceTree = "<group>";
		};
		551E6ECA1D378C400098B46F /* LaunchScreen.storyboard */ = {
			isa = PBXVariantGroup;
			children = (
				551E6ECB1D378C400098B46F /* Base */,
			);
			name = LaunchScreen.storyboard;
			sourceTree = "<group>";
		};
/* End PBXVariantGroup section */

/* Begin XCBuildConfiguration section */
		551E6EE41D378C400098B46F /* Debug */ = {
			isa = XCBuildConfiguration;
			buildSettings = {
				ALWAYS_SEARCH_USER_PATHS = NO;
				CLANG_ANALYZER_NONNULL = YES;
				CLANG_CXX_LANGUAGE_STANDARD = "gnu++0x";
				CLANG_CXX_LIBRARY = "libc++";
				CLANG_ENABLE_MODULES = YES;
				CLANG_ENABLE_OBJC_ARC = YES;
				CLANG_WARN_BOOL_CONVERSION = YES;
				CLANG_WARN_CONSTANT_CONVERSION = YES;
				CLANG_WARN_DIRECT_OBJC_ISA_USAGE = YES_ERROR;
				CLANG_WARN_EMPTY_BODY = YES;
				CLANG_WARN_ENUM_CONVERSION = YES;
				CLANG_WARN_INT_CONVERSION = YES;
				CLANG_WARN_OBJC_ROOT_CLASS = YES_ERROR;
				CLANG_WARN_UNREACHABLE_CODE = YES;
				CLANG_WARN__DUPLICATE_METHOD_MATCH = YES;
				"CODE_SIGN_IDENTITY[sdk=iphoneos*]" = "iPhone Developer";
				COPY_PHASE_STRIP = NO;
				DEBUG_INFORMATION_FORMAT = dwarf;
				ENABLE_STRICT_OBJC_MSGSEND = YES;
				ENABLE_TESTABILITY = YES;
				GCC_C_LANGUAGE_STANDARD = gnu99;
				GCC_DYNAMIC_NO_PIC = NO;
				GCC_NO_COMMON_BLOCKS = YES;
				GCC_OPTIMIZATION_LEVEL = 0;
				GCC_PREPROCESSOR_DEFINITIONS = (
					"DEBUG=1",
					"$(inherited)",
				);
				GCC_WARN_64_TO_32_BIT_CONVERSION = YES;
				GCC_WARN_ABOUT_RETURN_TYPE = YES_ERROR;
				GCC_WARN_UNDECLARED_SELECTOR = YES;
				GCC_WARN_UNINITIALIZED_AUTOS = YES_AGGRESSIVE;
				GCC_WARN_UNUSED_FUNCTION = YES;
				GCC_WARN_UNUSED_VARIABLE = YES;
				IPHONEOS_DEPLOYMENT_TARGET = 9.3;
				MTL_ENABLE_DEBUG_INFO = YES;
				ONLY_ACTIVE_ARCH = YES;
				SDKROOT = iphoneos;
			};
			name = Debug;
		};
		551E6EE51D378C400098B46F /* Release */ = {
			isa = XCBuildConfiguration;
			buildSettings = {
				ALWAYS_SEARCH_USER_PATHS = NO;
				CLANG_ANALYZER_NONNULL = YES;
				CLANG_CXX_LANGUAGE_STANDARD = "gnu++0x";
				CLANG_CXX_LIBRARY = "libc++";
				CLANG_ENABLE_MODULES = YES;
				CLANG_ENABLE_OBJC_ARC = YES;
				CLANG_WARN_BOOL_CONVERSION = YES;
				CLANG_WARN_CONSTANT_CONVERSION = YES;
				CLANG_WARN_DIRECT_OBJC_ISA_USAGE = YES_ERROR;
				CLANG_WARN_EMPTY_BODY = YES;
				CLANG_WARN_ENUM_CONVERSION = YES;
				CLANG_WARN_INT_CONVERSION = YES;
				CLANG_WARN_OBJC_ROOT_CLASS = YES_ERROR;
				CLANG_WARN_UNREACHABLE_CODE = YES;
				CLANG_WARN__DUPLICATE_METHOD_MATCH = YES;
				"CODE_SIGN_IDENTITY[sdk=iphoneos*]" = "iPhone Developer";
				COPY_PHASE_STRIP = NO;
				DEBUG_INFORMATION_FORMAT = "dwarf-with-dsym";
				ENABLE_NS_ASSERTIONS = NO;
				ENABLE_STRICT_OBJC_MSGSEND = YES;
				GCC_C_LANGUAGE_STANDARD = gnu99;
				GCC_NO_COMMON_BLOCKS = YES;
				GCC_WARN_64_TO_32_BIT_CONVERSION = YES;
				GCC_WARN_ABOUT_RETURN_TYPE = YES_ERROR;
				GCC_WARN_UNDECLARED_SELECTOR = YES;
				GCC_WARN_UNINITIALIZED_AUTOS = YES_AGGRESSIVE;
				GCC_WARN_UNUSED_FUNCTION = YES;
				GCC_WARN_UNUSED_VARIABLE = YES;
				IPHONEOS_DEPLOYMENT_TARGET = 9.3;
				MTL_ENABLE_DEBUG_INFO = NO;
				SDKROOT = iphoneos;
				VALIDATE_PRODUCT = YES;
			};
			name = Release;
		};
		551E6EE71D378C400098B46F /* Debug */ = {
			isa = XCBuildConfiguration;
			buildSettings = {
				ASSETCATALOG_COMPILER_APPICON_NAME = AppIcon;
				CODE_SIGN_IDENTITY = "iPhone Developer";
				INFOPLIST_FILE = CMFooterView/Info.plist;
				IPHONEOS_DEPLOYMENT_TARGET = 8.0;
				LD_RUNPATH_SEARCH_PATHS = "$(inherited) @executable_path/Frameworks";
				PRODUCT_BUNDLE_IDENTIFIER = com.wyq.CMFooterView;
				PRODUCT_NAME = "$(TARGET_NAME)";
			};
			name = Debug;
		};
		551E6EE81D378C400098B46F /* Release */ = {
			isa = XCBuildConfiguration;
			buildSettings = {
				ASSETCATALOG_COMPILER_APPICON_NAME = AppIcon;
				CODE_SIGN_IDENTITY = "iPhone Developer";
				INFOPLIST_FILE = CMFooterView/Info.plist;
				IPHONEOS_DEPLOYMENT_TARGET = 8.0;
				LD_RUNPATH_SEARCH_PATHS = "$(inherited) @executable_path/Frameworks";
				PRODUCT_BUNDLE_IDENTIFIER = com.wyq.CMFooterView;
				PRODUCT_NAME = "$(TARGET_NAME)";
			};
			name = Release;
		};
		551E6EEA1D378C400098B46F /* Debug */ = {
			isa = XCBuildConfiguration;
			buildSettings = {
				BUNDLE_LOADER = "$(TEST_HOST)";
				INFOPLIST_FILE = CMFooterViewTests/Info.plist;
				LD_RUNPATH_SEARCH_PATHS = "$(inherited) @executable_path/Frameworks @loader_path/Frameworks";
				PRODUCT_BUNDLE_IDENTIFIER = com.wyq.CMFooterViewTests;
				PRODUCT_NAME = "$(TARGET_NAME)";
				TEST_HOST = "$(BUILT_PRODUCTS_DIR)/CMFooterView.app/CMFooterView";
			};
			name = Debug;
		};
		551E6EEB1D378C400098B46F /* Release */ = {
			isa = XCBuildConfiguration;
			buildSettings = {
				BUNDLE_LOADER = "$(TEST_HOST)";
				INFOPLIST_FILE = CMFooterViewTests/Info.plist;
				LD_RUNPATH_SEARCH_PATHS = "$(inherited) @executable_path/Frameworks @loader_path/Frameworks";
				PRODUCT_BUNDLE_IDENTIFIER = com.wyq.CMFooterViewTests;
				PRODUCT_NAME = "$(TARGET_NAME)";
				TEST_HOST = "$(BUILT_PRODUCTS_DIR)/CMFooterView.app/CMFooterView";
			};
			name = Release;
		};
		551E6EED1D378C400098B46F /* Debug */ = {
			isa = XCBuildConfiguration;
			buildSettings = {
				INFOPLIST_FILE = CMFooterViewUITests/Info.plist;
				LD_RUNPATH_SEARCH_PATHS = "$(inherited) @executable_path/Frameworks @loader_path/Frameworks";
				PRODUCT_BUNDLE_IDENTIFIER = com.wyq.CMFooterViewUITests;
				PRODUCT_NAME = "$(TARGET_NAME)";
				TEST_TARGET_NAME = CMFooterView;
			};
			name = Debug;
		};
		551E6EEE1D378C400098B46F /* Release */ = {
			isa = XCBuildConfiguration;
			buildSettings = {
				INFOPLIST_FILE = CMFooterViewUITests/Info.plist;
				LD_RUNPATH_SEARCH_PATHS = "$(inherited) @executable_path/Frameworks @loader_path/Frameworks";
				PRODUCT_BUNDLE_IDENTIFIER = com.wyq.CMFooterViewUITests;
				PRODUCT_NAME = "$(TARGET_NAME)";
				TEST_TARGET_NAME = CMFooterView;
			};
			name = Release;
		};
/* End XCBuildConfiguration section */

/* Begin XCConfigurationList section */
		551E6EB11D378C400098B46F /* Build configuration list for PBXProject "CMFooterView" */ = {
			isa = XCConfigurationList;
			buildConfigurations = (
				551E6EE41D378C400098B46F /* Debug */,
				551E6EE51D378C400098B46F /* Release */,
			);
			defaultConfigurationIsVisible = 0;
			defaultConfigurationName = Release;
		};
		551E6EE61D378C400098B46F /* Build configuration list for PBXNativeTarget "CMFooterView" */ = {
			isa = XCConfigurationList;
			buildConfigurations = (
				551E6EE71D378C400098B46F /* Debug */,
				551E6EE81D378C400098B46F /* Release */,
			);
			defaultConfigurationIsVisible = 0;
			defaultConfigurationName = Release;
		};
		551E6EE91D378C400098B46F /* Build configuration list for PBXNativeTarget "CMFooterViewTests" */ = {
			isa = XCConfigurationList;
			buildConfigurations = (
				551E6EEA1D378C400098B46F /* Debug */,
				551E6EEB1D378C400098B46F /* Release */,
			);
			defaultConfigurationIsVisible = 0;
			defaultConfigurationName = Release;
		};
		551E6EEC1D378C400098B46F /* Build configuration list for PBXNativeTarget "CMFooterViewUITests" */ = {
			isa = XCConfigurationList;
			buildConfigurations = (
				551E6EED1D378C400098B46F /* Debug */,
				551E6EEE1D378C400098B46F /* Release */,
			);
			defaultConfigurationIsVisible = 0;
			defaultConfigurationName = Release;
		};
/* End XCConfigurationList section */

/* Begin XCVersionGroup section */
		551E6EC51D378C400098B46F /* CMFooterView.xcdatamodeld */ = {
			isa = XCVersionGroup;
			children = (
				551E6EC61D378C400098B46F /* CMFooterView.xcdatamodel */,
			);
			currentVersion = 551E6EC61D378C400098B46F /* CMFooterView.xcdatamodel */;
			path = CMFooterView.xcdatamodeld;
			sourceTree = "<group>";
			versionGroupType = wrapper.xcdatamodel;
		};
/* End XCVersionGroup section */
	};
	rootObject = 551E6EAE1D378C400098B46F /* Project object */;
}
